
Microsoft Visual Studio Solution File, Format Version 12.00
# Visual Studio Version 17
VisualStudioVersion = 17.5.002.0
MinimumVisualStudioVersion = 10.0.40219.1
Project("{9A19103F-16F7-4668-BE54-9A1E7A4F7556}") = "Example001_ConsoleHello", "Example001_ConsoleHello.csproj", "{021A8D5B-EDC6-44F5-974D-3511C44DF40F}"
EndProject
Global
	GlobalSection(SolutionConfigurationPlatforms) = preSolution
		Debug|Any CPU = Debug|Any CPU
		Release|Any CPU = Release|Any CPU
	EndGlobalSection
	GlobalSection(ProjectConfigurationPlatforms) = postSolution
		{021A8D5B-EDC6-44F5-974D-3511C44DF40F}.Debug|Any CPU.ActiveCfg = Debug|Any CPU
		{021A8D5B-EDC6-44F5-974D-3511C44DF40F}.Debug|Any CPU.Build.0 = Debug|Any CPU
		{021A8D5B-EDC6-44F5-974D-3511C44DF40F}.Release|Any CPU.ActiveCfg = Release|Any CPU
		{021A8D5B-EDC6-44F5-974D-3511C44DF40F}.Release|Any CPU.Build.0 = Release|Any CPU
	EndGlobalSection
	GlobalSection(SolutionProperties) = preSolution
		HideSolutionNode = FALSE
	EndGlobalSection
	GlobalSection(ExtensibilityGlobals) = postSolution
		SolutionGuid = {3BDD9459-8867-4E68-98DA-B3915BC436F5}
	EndGlobalSection
EndGlobal
